
Microsoft Visual Studio Solution File, Format Version 12.00
Project("{FAE04EC0-301F-11D3-BF4B-00C04F79EFBC}") = "Hetut", "Hetut\Hetut.csproj", "{8C6D9B51-C5B1-4C8A-8EAA-67E0E99B8219}"
EndProject
Project("{FAE04EC0-301F-11D3-BF4B-00C04F79EFBC}") = "Hetut.Test", "Hetut.Test\Hetut.Test.csproj", "{92216074-D0E5-4A62-8A6C-2DFB071CF158}"
EndProject
Project("{FAE04EC0-301F-11D3-BF4B-00C04F79EFBC}") = "Hetut.Benchmark", "Hetut.Benchmark\Hetut.Benchmark.csproj", "{641F04D4-00C6-48F8-83F6-0BACB084E278}"
EndProject
Project("{FAE04EC0-301F-11D3-BF4B-00C04F79EFBC}") = "YTunnus", "YTunnus\YTunnus.csproj", "{AF497476-102D-4966-8BC2-992C3129B10D}"
EndProject
Project("{FAE04EC0-301F-11D3-BF4B-00C04F79EFBC}") = "YTunnus.Test", "YTunnus.Test\YTunnus.Test.csproj", "{6F539A4D-979B-4621-8ED1-E3C24E744579}"
EndProject
Project("{FAE04EC0-301F-11D3-BF4B-00C04F79EFBC}") = "YTunnus.Benchmark", "YTunnus.Benchmark\YTunnus.Benchmark.csproj", "{FC648A2D-B177-4AC2-8BD8-849E3F1E2141}"
EndProject
Global
	GlobalSection(SolutionConfigurationPlatforms) = preSolution
		Debug|Any CPU = Debug|Any CPU
		Release|Any CPU = Release|Any CPU
	EndGlobalSection
	GlobalSection(ProjectConfigurationPlatforms) = postSolution
		{8C6D9B51-C5B1-4C8A-8EAA-67E0E99B8219}.Debug|Any CPU.ActiveCfg = Debug|Any CPU
		{8C6D9B51-C5B1-4C8A-8EAA-67E0E99B8219}.Debug|Any CPU.Build.0 = Debug|Any CPU
		{8C6D9B51-C5B1-4C8A-8EAA-67E0E99B8219}.Release|Any CPU.ActiveCfg = Release|Any CPU
		{8C6D9B51-C5B1-4C8A-8EAA-67E0E99B8219}.Release|Any CPU.Build.0 = Release|Any CPU
		{92216074-D0E5-4A62-8A6C-2DFB071CF158}.Debug|Any CPU.ActiveCfg = Debug|Any CPU
		{92216074-D0E5-4A62-8A6C-2DFB071CF158}.Debug|Any CPU.Build.0 = Debug|Any CPU
		{92216074-D0E5-4A62-8A6C-2DFB071CF158}.Release|Any CPU.ActiveCfg = Release|Any CPU
		{92216074-D0E5-4A62-8A6C-2DFB071CF158}.Release|Any CPU.Build.0 = Release|Any CPU
		{641F04D4-00C6-48F8-83F6-0BACB084E278}.Debug|Any CPU.ActiveCfg = Debug|Any CPU
		{641F04D4-00C6-48F8-83F6-0BACB084E278}.Debug|Any CPU.Build.0 = Debug|Any CPU
		{641F04D4-00C6-48F8-83F6-0BACB084E278}.Release|Any CPU.ActiveCfg = Release|Any CPU
		{641F04D4-00C6-48F8-83F6-0BACB084E278}.Release|Any CPU.Build.0 = Release|Any CPU
		{AF497476-102D-4966-8BC2-992C3129B10D}.Debug|Any CPU.ActiveCfg = Debug|Any CPU
		{AF497476-102D-4966-8BC2-992C3129B10D}.Debug|Any CPU.Build.0 = Debug|Any CPU
		{AF497476-102D-4966-8BC2-992C3129B10D}.Release|Any CPU.ActiveCfg = Release|Any CPU
		{AF497476-102D-4966-8BC2-992C3129B10D}.Release|Any CPU.Build.0 = Release|Any CPU
		{6F539A4D-979B-4621-8ED1-E3C24E744579}.Debug|Any CPU.ActiveCfg = Debug|Any CPU
		{6F539A4D-979B-4621-8ED1-E3C24E744579}.Debug|Any CPU.Build.0 = Debug|Any CPU
		{6F539A4D-979B-4621-8ED1-E3C24E744579}.Release|Any CPU.ActiveCfg = Release|Any CPU
		{6F539A4D-979B-4621-8ED1-E3C24E744579}.Release|Any CPU.Build.0 = Release|Any CPU
		{FC648A2D-B177-4AC2-8BD8-849E3F1E2141}.Debug|Any CPU.ActiveCfg = Debug|Any CPU
		{FC648A2D-B177-4AC2-8BD8-849E3F1E2141}.Debug|Any CPU.Build.0 = Debug|Any CPU
		{FC648A2D-B177-4AC2-8BD8-849E3F1E2141}.Release|Any CPU.ActiveCfg = Release|Any CPU
		{FC648A2D-B177-4AC2-8BD8-849E3F1E2141}.Release|Any CPU.Build.0 = Release|Any CPU
	EndGlobalSection
EndGlobal
